
Microsoft Visual Studio Solution File, Format Version 12.00
# Visual Studio Version 16
VisualStudioVersion = 16.0.32228.343
MinimumVisualStudioVersion = 10.0.40219.1
Project("{FAE04EC0-301F-11D3-BF4B-00C04F79EFBC}") = "ApiPersonajesCore0Auth", "ApiPersonajesCore0Auth\ApiPersonajesCore0Auth.csproj", "{EAC5E4BB-8395-4AA7-8A17-9A0448C1B6CA}"
EndProject
Global
	GlobalSection(SolutionConfigurationPlatforms) = preSolution
		Debug|Any CPU = Debug|Any CPU
		Release|Any CPU = Release|Any CPU
	EndGlobalSection
	GlobalSection(ProjectConfigurationPlatforms) = postSolution
		{EAC5E4BB-8395-4AA7-8A17-9A0448C1B6CA}.Debug|Any CPU.ActiveCfg = Debug|Any CPU
		{EAC5E4BB-8395-4AA7-8A17-9A0448C1B6CA}.Debug|Any CPU.Build.0 = Debug|Any CPU
		{EAC5E4BB-8395-4AA7-8A17-9A0448C1B6CA}.Release|Any CPU.ActiveCfg = Release|Any CPU
		{EAC5E4BB-8395-4AA7-8A17-9A0448C1B6CA}.Release|Any CPU.Build.0 = Release|Any CPU
	EndGlobalSection
	GlobalSection(SolutionProperties) = preSolution
		HideSolutionNode = FALSE
	EndGlobalSection
	GlobalSection(ExtensibilityGlobals) = postSolution
		SolutionGuid = {787D0690-1479-4899-9E8F-A20A50CEB8A3}
	EndGlobalSection
EndGlobal
